{
  "name": "@agentic-conexus/mcp",
  "version": "0.1.1-alpha",
  "lockfileVersion": 3,
  "requires": true,
  "packages": {
    "": {
      "name": "@agentic-conexus/mcp",
      "version": "0.1.1-alpha",
      "cpu": [
        "x64",
        "arm64"
      ],
      "license": "MIT",
      "os": [
        "darwin",
        "linux",
        "win32"
      ],
      "bin": {
        "conexus": "bin/conexus.js"
      },
      "devDependencies": {},
      "engines": {
        "node": ">=16.0.0"
      }
    }
  }
}
